// !$*UTF8*$!
{
	archiveVersion = 1;
	classes = {
	};
	objectVersion = 46;
	objects = {

/* Begin PBXBuildFile section */
		12C7154C1C4D315000943240 /* PhotoAlbumViewController.swift in Sources */ = {isa = PBXBuildFile; fileRef = 12C7154B1C4D315000943240 /* PhotoAlbumViewController.swift */; };
		12C7154F1C4D331300943240 /* Pin.swift in Sources */ = {isa = PBXBuildFile; fileRef = 12C7154E1C4D331300943240 /* Pin.swift */; };
		12C715511C4D332000943240 /* Photo.swift in Sources */ = {isa = PBXBuildFile; fileRef = 12C715501C4D332000943240 /* Photo.swift */; };
		12C715561C4D43AE00943240 /* CoreDataStack.swift in Sources */ = {isa = PBXBuildFile; fileRef = 12C715551C4D43AE00943240 /* CoreDataStack.swift */; };
		12EEBD931C4BFAE4005AD79F /* AppDelegate.swift in Sources */ = {isa = PBXBuildFile; fileRef = 12EEBD921C4BFAE4005AD79F /* AppDelegate.swift */; };
		12EEBD951C4BFAE4005AD79F /* TravelLocationViewController.swift in Sources */ = {isa = PBXBuildFile; fileRef = 12EEBD941C4BFAE4005AD79F /* TravelLocationViewController.swift */; };
		12EEBD981C4BFAE4005AD79F /* Main.storyboard in Resources */ = {isa = PBXBuildFile; fileRef = 12EEBD961C4BFAE4005AD79F /* Main.storyboard */; };
		12EEBD9B1C4BFAE4005AD79F /* VirtualTourist.xcdatamodeld in Sources */ = {isa = PBXBuildFile; fileRef = 12EEBD991C4BFAE4005AD79F /* VirtualTourist.xcdatamodeld */; };
		12EEBD9D1C4BFAE4005AD79F /* Assets.xcassets in Resources */ = {isa = PBXBuildFile; fileRef = 12EEBD9C1C4BFAE4005AD79F /* Assets.xcassets */; };
		12EEBDA01C4BFAE4005AD79F /* LaunchScreen.storyboard in Resources */ = {isa = PBXBuildFile; fileRef = 12EEBD9E1C4BFAE4005AD79F /* LaunchScreen.storyboard */; };
		12EEBDAB1C4BFAE5005AD79F /* VirtualTouristTests.swift in Sources */ = {isa = PBXBuildFile; fileRef = 12EEBDAA1C4BFAE5005AD79F /* VirtualTouristTests.swift */; };
		12EEBDB61C4BFAE5005AD79F /* VirtualTouristUITests.swift in Sources */ = {isa = PBXBuildFile; fileRef = 12EEBDB51C4BFAE5005AD79F /* VirtualTouristUITests.swift */; };
/* End PBXBuildFile section */

/* Begin PBXContainerItemProxy section */
		12EEBDA71C4BFAE4005AD79F /* PBXContainerItemProxy */ = {
			isa = PBXContainerItemProxy;
			containerPortal = 12EEBD871C4BFAE4005AD79F /* Project object */;
			proxyType = 1;
			remoteGlobalIDString = 12EEBD8E1C4BFAE4005AD79F;
			remoteInfo = VirtualTourist;
		};
		12EEBDB21C4BFAE5005AD79F /* PBXContainerItemProxy */ = {
			isa = PBXContainerItemProxy;
			containerPortal = 12EEBD871C4BFAE4005AD79F /* Project object */;
			proxyType = 1;
			remoteGlobalIDString = 12EEBD8E1C4BFAE4005AD79F;
			remoteInfo = VirtualTourist;
		};
/* End PBXContainerItemProxy section */

/* Begin PBXFileReference section */
		12C7154B1C4D315000943240 /* PhotoAlbumViewController.swift */ = {isa = PBXFileReference; fileEncoding = 4; lastKnownFileType = sourcecode.swift; path = PhotoAlbumViewController.swift; sourceTree = "<group>"; };
		12C7154E1C4D331300943240 /* Pin.swift */ = {isa = PBXFileReference; fileEncoding = 4; lastKnownFileType = sourcecode.swift; path = Pin.swift; sourceTree = "<group>"; };
		12C715501C4D332000943240 /* Photo.swift */ = {isa = PBXFileReference; fileEncoding = 4; lastKnownFileType = sourcecode.swift; path = Photo.swift; sourceTree = "<group>"; };
		12C715551C4D43AE00943240 /* CoreDataStack.swift */ = {isa = PBXFileReference; fileEncoding = 4; lastKnownFileType = sourcecode.swift; path = CoreDataStack.swift; sourceTree = "<group>"; };
		12EEBD8F1C4BFAE4005AD79F /* VirtualTourist.app */ = {isa = PBXFileReference; explicitFileType = wrapper.application; includeInIndex = 0; path = VirtualTourist.app; sourceTree = BUILT_PRODUCTS_DIR; };
		12EEBD921C4BFAE4005AD79F /* AppDelegate.swift */ = {isa = PBXFileReference; lastKnownFileType = sourcecode.swift; path = AppDelegate.swift; sourceTree = "<group>"; };
		12EEBD941C4BFAE4005AD79F /* TravelLocationViewController.swift */ = {isa = PBXFileReference; lastKnownFileType = sourcecode.swift; path = TravelLocationViewController.swift; sourceTree = "<group>"; };
		12EEBD971C4BFAE4005AD79F /* Base */ = {isa = PBXFileReference; lastKnownFileType = file.storyboard; name = Base; path = Base.lproj/Main.storyboard; sourceTree = "<group>"; };
		12EEBD9A1C4BFAE4005AD79F /* VirtualTourist.xcdatamodel */ = {isa = PBXFileReference; lastKnownFileType = wrapper.xcdatamodel; path = VirtualTourist.xcdatamodel; sourceTree = "<group>"; };
		12EEBD9C1C4BFAE4005AD79F /* Assets.xcassets */ = {isa = PBXFileReference; lastKnownFileType = folder.assetcatalog; path = Assets.xcassets; sourceTree = "<group>"; };
		12EEBD9F1C4BFAE4005AD79F /* Base */ = {isa = PBXFileReference; lastKnownFileType = file.storyboard; name = Base; path = Base.lproj/LaunchScreen.storyboard; sourceTree = "<group>"; };
		12EEBDA11C4BFAE4005AD79F /* Info.plist */ = {isa = PBXFileReference; lastKnownFileType = text.plist.xml; path = Info.plist; sourceTree = "<group>"; };
		12EEBDA61C4BFAE4005AD79F /* VirtualTouristTests.xctest */ = {isa = PBXFileReference; explicitFileType = wrapper.cfbundle; includeInIndex = 0; path = VirtualTouristTests.xctest; sourceTree = BUILT_PRODUCTS_DIR; };
		12EEBDAA1C4BFAE5005AD79F /* VirtualTouristTests.swift */ = {isa = PBXFileReference; lastKnownFileType = sourcecode.swift; path = VirtualTouristTests.swift; sourceTree = "<group>"; };
		12EEBDAC1C4BFAE5005AD79F /* Info.plist */ = {isa = PBXFileReference; lastKnownFileType = text.plist.xml; path = Info.plist; sourceTree = "<group>"; };
		12EEBDB11C4BFAE5005AD79F /* VirtualTouristUITests.xctest */ = {isa = PBXFileReference; explicitFileType = wrapper.cfbundle; includeInIndex = 0; path = VirtualTouristUITests.xctest; sourceTree = BUILT_PRODUCTS_DIR; };
		12EEBDB51C4BFAE5005AD79F /* VirtualTouristUITests.swift */ = {isa = PBXFileReference; lastKnownFileType = sourcecode.swift; path = VirtualTouristUITests.swift; sourceTree = "<group>"; };
		12EEBDB71C4BFAE5005AD79F /* Info.plist */ = {isa = PBXFileReference; lastKnownFileType = text.plist.xml; path = Info.plist; sourceTree = "<group>"; };
/* End PBXFileReference section */

/* Begin PBXFrameworksBuildPhase section */
		12EEBD8C1C4BFAE4005AD79F /* Frameworks */ = {
			isa = PBXFrameworksBuildPhase;
			buildActionMask = 2147483647;
			files = (
			);
			runOnlyForDeploymentPostprocessing = 0;
		};
		12EEBDA31C4BFAE4005AD79F /* Frameworks */ = {
			isa = PBXFrameworksBuildPhase;
			buildActionMask = 2147483647;
			files = (
			);
			runOnlyForDeploymentPostprocessing = 0;
		};
		12EEBDAE1C4BFAE5005AD79F /* Frameworks */ = {
			isa = PBXFrameworksBuildPhase;
			buildActionMask = 2147483647;
			files = (
			);
			runOnlyForDeploymentPostprocessing = 0;
		};
/* End PBXFrameworksBuildPhase section */

/* Begin PBXGroup section */
		12C7154D1C4D32EA00943240 /* Model */ = {
			isa = PBXGroup;
			children = (
				12C7154E1C4D331300943240 /* Pin.swift */,
				12C715501C4D332000943240 /* Photo.swift */,
			);
			name = Model;
			sourceTree = "<group>";
		};
		12C715521C4D375B00943240 /* Controller */ = {
			isa = PBXGroup;
			children = (
				12EEBD941C4BFAE4005AD79F /* TravelLocationViewController.swift */,
				12C7154B1C4D315000943240 /* PhotoAlbumViewController.swift */,
				12C715551C4D43AE00943240 /* CoreDataStack.swift */,
			);
			name = Controller;
			sourceTree = "<group>";
		};
		12EEBD861C4BFAE4005AD79F = {
			isa = PBXGroup;
			children = (
				12EEBD911C4BFAE4005AD79F /* VirtualTourist */,
				12EEBDA91C4BFAE5005AD79F /* VirtualTouristTests */,
				12EEBDB41C4BFAE5005AD79F /* VirtualTouristUITests */,
				12EEBD901C4BFAE4005AD79F /* Products */,
			);
			sourceTree = "<group>";
		};
		12EEBD901C4BFAE4005AD79F /* Products */ = {
			isa = PBXGroup;
			children = (
				12EEBD8F1C4BFAE4005AD79F /* VirtualTourist.app */,
				12EEBDA61C4BFAE4005AD79F /* VirtualTouristTests.xctest */,
				12EEBDB11C4BFAE5005AD79F /* VirtualTouristUITests.xctest */,
			);
			name = Products;
			sourceTree = "<group>";
		};
		12EEBD911C4BFAE4005AD79F /* VirtualTourist */ = {
			isa = PBXGroup;
			children = (
				12C715521C4D375B00943240 /* Controller */,
				12C7154D1C4D32EA00943240 /* Model */,
				12EEBD921C4BFAE4005AD79F /* AppDelegate.swift */,
				12EEBD961C4BFAE4005AD79F /* Main.storyboard */,
				12EEBD9C1C4BFAE4005AD79F /* Assets.xcassets */,
				12EEBD9E1C4BFAE4005AD79F /* LaunchScreen.storyboard */,
				12EEBDA11C4BFAE4005AD79F /* Info.plist */,
				12EEBD991C4BFAE4005AD79F /* VirtualTourist.xcdatamodeld */,
			);
			path = VirtualTourist;
			sourceTree = "<group>";
		};
		12EEBDA91C4BFAE5005AD79F /* VirtualTouristTests */ = {
			isa = PBXGroup;
			children = (
				12EEBDAA1C4BFAE5005AD79F /* VirtualTouristTests.swift */,
				12EEBDAC1C4BFAE5005AD79F /* Info.plist */,
			);
			path = VirtualTouristTests;
			sourceTree = "<group>";
		};
		12EEBDB41C4BFAE5005AD79F /* VirtualTouristUITests */ = {
			isa = PBXGroup;
			children = (
				12EEBDB51C4BFAE5005AD79F /* VirtualTouristUITests.swift */,
				12EEBDB71C4BFAE5005AD79F /* Info.plist */,
			);
			path = VirtualTouristUITests;
			sourceTree = "<group>";
		};
/* End PBXGroup section */

/* Begin PBXNativeTarget section */
		12EEBD8E1C4BFAE4005AD79F /* VirtualTourist */ = {
			isa = PBXNativeTarget;
			buildConfigurationList = 12EEBDBA1C4BFAE5005AD79F /* Build configuration list for PBXNativeTarget "VirtualTourist" */;
			buildPhases = (
				12EEBD8B1C4BFAE4005AD79F /* Sources */,
				12EEBD8C1C4BFAE4005AD79F /* Frameworks */,
				12EEBD8D1C4BFAE4005AD79F /* Resources */,
			);
			buildRules = (
			);
			dependencies = (
			);
			name = VirtualTourist;
			productName = VirtualTourist;
			productReference = 12EEBD8F1C4BFAE4005AD79F /* VirtualTourist.app */;
			productType = "com.apple.product-type.application";
		};
		12EEBDA51C4BFAE4005AD79F /* VirtualTouristTests */ = {
			isa = PBXNativeTarget;
			buildConfigurationList = 12EEBDBD1C4BFAE5005AD79F /* Build configuration list for PBXNativeTarget "VirtualTouristTests" */;
			buildPhases = (
				12EEBDA21C4BFAE4005AD79F /* Sources */,
				12EEBDA31C4BFAE4005AD79F /* Frameworks */,
				12EEBDA41C4BFAE4005AD79F /* Resources */,
			);
			buildRules = (
			);
			dependencies = (
				12EEBDA81C4BFAE4005AD79F /* PBXTargetDependency */,
			);
			name = VirtualTouristTests;
			productName = VirtualTouristTests;
			productReference = 12EEBDA61C4BFAE4005AD79F /* VirtualTouristTests.xctest */;
			productType = "com.apple.product-type.bundle.unit-test";
		};
		12EEBDB01C4BFAE5005AD79F /* VirtualTouristUITests */ = {
			isa = PBXNativeTarget;
			buildConfigurationList = 12EEBDC01C4BFAE5005AD79F /* Build configuration list for PBXNativeTarget "VirtualTouristUITests" */;
			buildPhases = (
				12EEBDAD1C4BFAE5005AD79F /* Sources */,
				12EEBDAE1C4BFAE5005AD79F /* Frameworks */,
				12EEBDAF1C4BFAE5005AD79F /* Resources */,
			);
			buildRules = (
			);
			dependencies = (
				12EEBDB31C4BFAE5005AD79F /* PBXTargetDependency */,
			);
			name = VirtualTouristUITests;
			productName = VirtualTouristUITests;
			productReference = 12EEBDB11C4BFAE5005AD79F /* VirtualTouristUITests.xctest */;
			productType = "com.apple.product-type.bundle.ui-testing";
		};
/* End PBXNativeTarget section */

/* Begin PBXProject section */
		12EEBD871C4BFAE4005AD79F /* Project object */ = {
			isa = PBXProject;
			attributes = {
				LastSwiftUpdateCheck = 0720;
				LastUpgradeCheck = 0720;
				ORGANIZATIONNAME = zhangyunchen;
				TargetAttributes = {
					12EEBD8E1C4BFAE4005AD79F = {
						CreatedOnToolsVersion = 7.2;
					};
					12EEBDA51C4BFAE4005AD79F = {
						CreatedOnToolsVersion = 7.2;
						TestTargetID = 12EEBD8E1C4BFAE4005AD79F;
					};
					12EEBDB01C4BFAE5005AD79F = {
						CreatedOnToolsVersion = 7.2;
						TestTargetID = 12EEBD8E1C4BFAE4005AD79F;
					};
				};
			};
			buildConfigurationList = 12EEBD8A1C4BFAE4005AD79F /* Build configuration list for PBXProject "VirtualTourist" */;
			compatibilityVersion = "Xcode 3.2";
			developmentRegion = English;
			hasScannedForEncodings = 0;
			knownRegions = (
				en,
				Base,
			);
			mainGroup = 12EEBD861C4BFAE4005AD79F;
			productRefGroup = 12EEBD901C4BFAE4005AD79F /* Products */;
			projectDirPath = "";
			projectRoot = "";
			targets = (
				12EEBD8E1C4BFAE4005AD79F /* VirtualTourist */,
				12EEBDA51C4BFAE4005AD79F /* VirtualTouristTests */,
				12EEBDB01C4BFAE5005AD79F /* VirtualTouristUITests */,
			);
		};
/* End PBXProject section */

/* Begin PBXResourcesBuildPhase section */
		12EEBD8D1C4BFAE4005AD79F /* Resources */ = {
			isa = PBXResourcesBuildPhase;
			buildActionMask = 2147483647;
			files = (
				12EEBDA01C4BFAE4005AD79F /* LaunchScreen.storyboard in Resources */,
				12EEBD9D1C4BFAE4005AD79F /* Assets.xcassets in Resources */,
				12EEBD981C4BFAE4005AD79F /* Main.storyboard in Resources */,
			);
			runOnlyForDeploymentPostprocessing = 0;
		};
		12EEBDA41C4BFAE4005AD79F /* Resources */ = {
			isa = PBXResourcesBuildPhase;
			buildActionMask = 2147483647;
			files = (
			);
			runOnlyForDeploymentPostprocessing = 0;
		};
		12EEBDAF1C4BFAE5005AD79F /* Resources */ = {
			isa = PBXResourcesBuildPhase;
			buildActionMask = 2147483647;
			files = (
			);
			runOnlyForDeploymentPostprocessing = 0;
		};
/* End PBXResourcesBuildPhase section */

/* Begin PBXSourcesBuildPhase section */
		12EEBD8B1C4BFAE4005AD79F /* Sources */ = {
			isa = PBXSourcesBuildPhase;
			buildActionMask = 2147483647;
			files = (
				12C715561C4D43AE00943240 /* CoreDataStack.swift in Sources */,
				12C715511C4D332000943240 /* Photo.swift in Sources */,
				12C7154F1C4D331300943240 /* Pin.swift in Sources */,
				12EEBD951C4BFAE4005AD79F /* TravelLocationViewController.swift in Sources */,
				12EEBD931C4BFAE4005AD79F /* AppDelegate.swift in Sources */,
				12EEBD9B1C4BFAE4005AD79F /* VirtualTourist.xcdatamodeld in Sources */,
				12C7154C1C4D315000943240 /* PhotoAlbumViewController.swift in Sources */,
			);
			runOnlyForDeploymentPostprocessing = 0;
		};
		12EEBDA21C4BFAE4005AD79F /* Sources */ = {
			isa = PBXSourcesBuildPhase;
			buildActionMask = 2147483647;
			files = (
				12EEBDAB1C4BFAE5005AD79F /* VirtualTouristTests.swift in Sources */,
			);
			runOnlyForDeploymentPostprocessing = 0;
		};
		12EEBDAD1C4BFAE5005AD79F /* Sources */ = {
			isa = PBXSourcesBuildPhase;
			buildActionMask = 2147483647;
			files = (
				12EEBDB61C4BFAE5005AD79F /* VirtualTouristUITests.swift in Sources */,
			);
			runOnlyForDeploymentPostprocessing = 0;
		};
/* End PBXSourcesBuildPhase section */

/* Begin PBXTargetDependency section */
		12EEBDA81C4BFAE4005AD79F /* PBXTargetDependency */ = {
			isa = PBXTargetDependency;
			target = 12EEBD8E1C4BFAE4005AD79F /* VirtualTourist */;
			targetProxy = 12EEBDA71C4BFAE4005AD79F /* PBXContainerItemProxy */;
		};
		12EEBDB31C4BFAE5005AD79F /* PBXTargetDependency */ = {
			isa = PBXTargetDependency;
			target = 12EEBD8E1C4BFAE4005AD79F /* VirtualTourist */;
			targetProxy = 12EEBDB21C4BFAE5005AD79F /* PBXContainerItemProxy */;
		};
/* End PBXTargetDependency section */

/* Begin PBXVariantGroup section */
		12EEBD961C4BFAE4005AD79F /* Main.storyboard */ = {
			isa = PBXVariantGroup;
			children = (
				12EEBD971C4BFAE4005AD79F /* Base */,
			);
			name = Main.storyboard;
			sourceTree = "<group>";
		};
		12EEBD9E1C4BFAE4005AD79F /* LaunchScreen.storyboard */ = {
			isa = PBXVariantGroup;
			children = (
				12EEBD9F1C4BFAE4005AD79F /* Base */,
			);
			name = LaunchScreen.storyboard;
			sourceTree = "<group>";
		};
/* End PBXVariantGroup section */

/* Begin XCBuildConfiguration section */
		12EEBDB81C4BFAE5005AD79F /* Debug */ = {
			isa = XCBuildConfiguration;
			buildSettings = {
				ALWAYS_SEARCH_USER_PATHS = NO;
				CLANG_CXX_LANGUAGE_STANDARD = "gnu++0x";
				CLANG_CXX_LIBRARY = "libc++";
				CLANG_ENABLE_MODULES = YES;
				CLANG_ENABLE_OBJC_ARC = YES;
				CLANG_WARN_BOOL_CONVERSION = YES;
				CLANG_WARN_CONSTANT_CONVERSION = YES;
				CLANG_WARN_DIRECT_OBJC_ISA_USAGE = YES_ERROR;
				CLANG_WARN_EMPTY_BODY = YES;
				CLANG_WARN_ENUM_CONVERSION = YES;
				CLANG_WARN_INT_CONVERSION = YES;
				CLANG_WARN_OBJC_ROOT_CLASS = YES_ERROR;
				CLANG_WARN_UNREACHABLE_CODE = YES;
				CLANG_WARN__DUPLICATE_METHOD_MATCH = YES;
				"CODE_SIGN_IDENTITY[sdk=iphoneos*]" = "iPhone Developer";
				COPY_PHASE_STRIP = NO;
				DEBUG_INFORMATION_FORMAT = dwarf;
				ENABLE_STRICT_OBJC_MSGSEND = YES;
				ENABLE_TESTABILITY = YES;
				GCC_C_LANGUAGE_STANDARD = gnu99;
				GCC_DYNAMIC_NO_PIC = NO;
				GCC_NO_COMMON_BLOCKS = YES;
				GCC_OPTIMIZATION_LEVEL = 0;
				GCC_PREPROCESSOR_DEFINITIONS = (
					"DEBUG=1",
					"$(inherited)",
				);
				GCC_WARN_64_TO_32_BIT_CONVERSION = YES;
				GCC_WARN_ABOUT_RETURN_TYPE = YES_ERROR;
				GCC_WARN_UNDECLARED_SELECTOR = YES;
				GCC_WARN_UNINITIALIZED_AUTOS = YES_AGGRESSIVE;
				GCC_WARN_UNUSED_FUNCTION = YES;
				GCC_WARN_UNUSED_VARIABLE = YES;
				IPHONEOS_DEPLOYMENT_TARGET = 9.2;
				MTL_ENABLE_DEBUG_INFO = YES;
				ONLY_ACTIVE_ARCH = YES;
				SDKROOT = iphoneos;
				SWIFT_OPTIMIZATION_LEVEL = "-Onone";
			};
			name = Debug;
		};
		12EEBDB91C4BFAE5005AD79F /* Release */ = {
			isa = XCBuildConfiguration;
			buildSettings = {
				ALWAYS_SEARCH_USER_PATHS = NO;
				CLANG_CXX_LANGUAGE_STANDARD = "gnu++0x";
				CLANG_CXX_LIBRARY = "libc++";
				CLANG_ENABLE_MODULES = YES;
				CLANG_ENABLE_OBJC_ARC = YES;
				CLANG_WARN_BOOL_CONVERSION = YES;
				CLANG_WARN_CONSTANT_CONVERSION = YES;
				CLANG_WARN_DIRECT_OBJC_ISA_USAGE = YES_ERROR;
				CLANG_WARN_EMPTY_BODY = YES;
				CLANG_WARN_ENUM_CONVERSION = YES;
				CLANG_WARN_INT_CONVERSION = YES;
				CLANG_WARN_OBJC_ROOT_CLASS = YES_ERROR;
				CLANG_WARN_UNREACHABLE_CODE = YES;
				CLANG_WARN__DUPLICATE_METHOD_MATCH = YES;
				"CODE_SIGN_IDENTITY[sdk=iphoneos*]" = "iPhone Developer";
				COPY_PHASE_STRIP = NO;
				DEBUG_INFORMATION_FORMAT = "dwarf-with-dsym";
				ENABLE_NS_ASSERTIONS = NO;
				ENABLE_STRICT_OBJC_MSGSEND = YES;
				GCC_C_LANGUAGE_STANDARD = gnu99;
				GCC_NO_COMMON_BLOCKS = YES;
				GCC_WARN_64_TO_32_BIT_CONVERSION = YES;
				GCC_WARN_ABOUT_RETURN_TYPE = YES_ERROR;
				GCC_WARN_UNDECLARED_SELECTOR = YES;
				GCC_WARN_UNINITIALIZED_AUTOS = YES_AGGRESSIVE;
				GCC_WARN_UNUSED_FUNCTION = YES;
				GCC_WARN_UNUSED_VARIABLE = YES;
				IPHONEOS_DEPLOYMENT_TARGET = 9.2;
				MTL_ENABLE_DEBUG_INFO = NO;
				SDKROOT = iphoneos;
				VALIDATE_PRODUCT = YES;
			};
			name = Release;
		};
		12EEBDBB1C4BFAE5005AD79F /* Debug */ = {
			isa = XCBuildConfiguration;
			buildSettings = {
				ASSETCATALOG_COMPILER_APPICON_NAME = AppIcon;
				INFOPLIST_FILE = VirtualTourist/Info.plist;
				LD_RUNPATH_SEARCH_PATHS = "$(inherited) @executable_path/Frameworks";
				PRODUCT_BUNDLE_IDENTIFIER = com.zyc.VirtualTourist;
				PRODUCT_NAME = "$(TARGET_NAME)";
			};
			name = Debug;
		};
		12EEBDBC1C4BFAE5005AD79F /* Release */ = {
			isa = XCBuildConfiguration;
			buildSettings = {
				ASSETCATALOG_COMPILER_APPICON_NAME = AppIcon;
				INFOPLIST_FILE = VirtualTourist/Info.plist;
				LD_RUNPATH_SEARCH_PATHS = "$(inherited) @executable_path/Frameworks";
				PRODUCT_BUNDLE_IDENTIFIER = com.zyc.VirtualTourist;
				PRODUCT_NAME = "$(TARGET_NAME)";
			};
			name = Release;
		};
		12EEBDBE1C4BFAE5005AD79F /* Debug */ = {
			isa = XCBuildConfiguration;
			buildSettings = {
				BUNDLE_LOADER = "$(TEST_HOST)";
				INFOPLIST_FILE = VirtualTouristTests/Info.plist;
				LD_RUNPATH_SEARCH_PATHS = "$(inherited) @executable_path/Frameworks @loader_path/Frameworks";
				PRODUCT_BUNDLE_IDENTIFIER = com.zyc.VirtualTouristTests;
				PRODUCT_NAME = "$(TARGET_NAME)";
				TEST_HOST = "$(BUILT_PRODUCTS_DIR)/VirtualTourist.app/VirtualTourist";
			};
			name = Debug;
		};
		12EEBDBF1C4BFAE5005AD79F /* Release */ = {
			isa = XCBuildConfiguration;
			buildSettings = {
				BUNDLE_LOADER = "$(TEST_HOST)";
				INFOPLIST_FILE = VirtualTouristTests/Info.plist;
				LD_RUNPATH_SEARCH_PATHS = "$(inherited) @executable_path/Frameworks @loader_path/Frameworks";
				PRODUCT_BUNDLE_IDENTIFIER = com.zyc.VirtualTouristTests;
				PRODUCT_NAME = "$(TARGET_NAME)";
				TEST_HOST = "$(BUILT_PRODUCTS_DIR)/VirtualTourist.app/VirtualTourist";
			};
			name = Release;
		};
		12EEBDC11C4BFAE5005AD79F /* Debug */ = {
			isa = XCBuildConfiguration;
			buildSettings = {
				INFOPLIST_FILE = VirtualTouristUITests/Info.plist;
				LD_RUNPATH_SEARCH_PATHS = "$(inherited) @executable_path/Frameworks @loader_path/Frameworks";
				PRODUCT_BUNDLE_IDENTIFIER = com.zyc.VirtualTouristUITests;
				PRODUCT_NAME = "$(TARGET_NAME)";
				TEST_TARGET_NAME = VirtualTourist;
				USES_XCTRUNNER = YES;
			};
			name = Debug;
		};
		12EEBDC21C4BFAE5005AD79F /* Release */ = {
			isa = XCBuildConfiguration;
			buildSettings = {
				INFOPLIST_FILE = VirtualTouristUITests/Info.plist;
				LD_RUNPATH_SEARCH_PATHS = "$(inherited) @executable_path/Frameworks @loader_path/Frameworks";
				PRODUCT_BUNDLE_IDENTIFIER = com.zyc.VirtualTouristUITests;
				PRODUCT_NAME = "$(TARGET_NAME)";
				TEST_TARGET_NAME = VirtualTourist;
				USES_XCTRUNNER = YES;
			};
			name = Release;
		};
/* End XCBuildConfiguration section */

/* Begin XCConfigurationList section */
		12EEBD8A1C4BFAE4005AD79F /* Build configuration list for PBXProject "VirtualTourist" */ = {
			isa = XCConfigurationList;
			buildConfigurations = (
				12EEBDB81C4BFAE5005AD79F /* Debug */,
				12EEBDB91C4BFAE5005AD79F /* Release */,
			);
			defaultConfigurationIsVisible = 0;
			defaultConfigurationName = Release;
		};
		12EEBDBA1C4BFAE5005AD79F /* Build configuration list for PBXNativeTarget "VirtualTourist" */ = {
			isa = XCConfigurationList;
			buildConfigurations = (
				12EEBDBB1C4BFAE5005AD79F /* Debug */,
				12EEBDBC1C4BFAE5005AD79F /* Release */,
			);
			defaultConfigurationIsVisible = 0;
			defaultConfigurationName = Release;
		};
		12EEBDBD1C4BFAE5005AD79F /* Build configuration list for PBXNativeTarget "VirtualTouristTests" */ = {
			isa = XCConfigurationList;
			buildConfigurations = (
				12EEBDBE1C4BFAE5005AD79F /* Debug */,
				12EEBDBF1C4BFAE5005AD79F /* Release */,
			);
			defaultConfigurationIsVisible = 0;
			defaultConfigurationName = Release;
		};
		12EEBDC01C4BFAE5005AD79F /* Build configuration list for PBXNativeTarget "VirtualTouristUITests" */ = {
			isa = XCConfigurationList;
			buildConfigurations = (
				12EEBDC11C4BFAE5005AD79F /* Debug */,
				12EEBDC21C4BFAE5005AD79F /* Release */,
			);
			defaultConfigurationIsVisible = 0;
			defaultConfigurationName = Release;
		};
/* End XCConfigurationList section */

/* Begin XCVersionGroup section */
		12EEBD991C4BFAE4005AD79F /* VirtualTourist.xcdatamodeld */ = {
			isa = XCVersionGroup;
			children = (
				12EEBD9A1C4BFAE4005AD79F /* VirtualTourist.xcdatamodel */,
			);
			currentVersion = 12EEBD9A1C4BFAE4005AD79F /* VirtualTourist.xcdatamodel */;
			path = VirtualTourist.xcdatamodeld;
			sourceTree = "<group>";
			versionGroupType = wrapper.xcdatamodel;
		};
/* End XCVersionGroup section */
	};
	rootObject = 12EEBD871C4BFAE4005AD79F /* Project object */;
}
